// !$*UTF8*$!
{
	archiveVersion = 1;
	classes = {
	};
	objectVersion = 56;
	objects = {

/* Begin PBXBuildFile section */
		401AB0D22A16194600BE725C /* Product.swift in Sources */ = {isa = PBXBuildFile; fileRef = 401AB0D12A16194600BE725C /* Product.swift */; };
		406D7E522A1B7BF100A23ECF /* Response.swift in Sources */ = {isa = PBXBuildFile; fileRef = 406D7E512A1B7BF100A23ECF /* Response.swift */; };
		406D7E542A1B9FB700A23ECF /* ProductListView.swift in Sources */ = {isa = PBXBuildFile; fileRef = 406D7E532A1B9FB700A23ECF /* ProductListView.swift */; };
		406D7E572A1BA21000A23ECF /* FetchData.swift in Sources */ = {isa = PBXBuildFile; fileRef = 406D7E562A1BA21000A23ECF /* FetchData.swift */; };
		7995A2D32A1504AE00EB0CE9 /* shoppingAppApp.swift in Sources */ = {isa = PBXBuildFile; fileRef = 7995A2D22A1504AE00EB0CE9 /* shoppingAppApp.swift */; };
		7995A2D52A1504AE00EB0CE9 /* ContentView.swift in Sources */ = {isa = PBXBuildFile; fileRef = 7995A2D42A1504AE00EB0CE9 /* ContentView.swift */; };
		7995A2D72A1504B000EB0CE9 /* Assets.xcassets in Resources */ = {isa = PBXBuildFile; fileRef = 7995A2D62A1504B000EB0CE9 /* Assets.xcassets */; };
		7995A2DA2A1504B000EB0CE9 /* Preview Assets.xcassets in Resources */ = {isa = PBXBuildFile; fileRef = 7995A2D92A1504B000EB0CE9 /* Preview Assets.xcassets */; };
		7995A2E42A1504B100EB0CE9 /* shoppingAppTests.swift in Sources */ = {isa = PBXBuildFile; fileRef = 7995A2E32A1504B100EB0CE9 /* shoppingAppTests.swift */; };
		7995A2EE2A1504B100EB0CE9 /* shoppingAppUITests.swift in Sources */ = {isa = PBXBuildFile; fileRef = 7995A2ED2A1504B100EB0CE9 /* shoppingAppUITests.swift */; };
		7995A2F02A1504B100EB0CE9 /* shoppingAppUITestsLaunchTests.swift in Sources */ = {isa = PBXBuildFile; fileRef = 7995A2EF2A1504B100EB0CE9 /* shoppingAppUITestsLaunchTests.swift */; };
/* End PBXBuildFile section */

/* Begin PBXContainerItemProxy section */
		7995A2E02A1504B100EB0CE9 /* PBXContainerItemProxy */ = {
			isa = PBXContainerItemProxy;
			containerPortal = 7995A2C72A1504AE00EB0CE9 /* Project object */;
			proxyType = 1;
			remoteGlobalIDString = 7995A2CE2A1504AE00EB0CE9;
			remoteInfo = shoppingApp;
		};
		7995A2EA2A1504B100EB0CE9 /* PBXContainerItemProxy */ = {
			isa = PBXContainerItemProxy;
			containerPortal = 7995A2C72A1504AE00EB0CE9 /* Project object */;
			proxyType = 1;
			remoteGlobalIDString = 7995A2CE2A1504AE00EB0CE9;
			remoteInfo = shoppingApp;
		};
/* End PBXContainerItemProxy section */

/* Begin PBXFileReference section */
		401AB0D12A16194600BE725C /* Product.swift */ = {isa = PBXFileReference; lastKnownFileType = sourcecode.swift; path = Product.swift; sourceTree = "<group>"; };
		406D7E512A1B7BF100A23ECF /* Response.swift */ = {isa = PBXFileReference; lastKnownFileType = sourcecode.swift; path = Response.swift; sourceTree = "<group>"; };
		406D7E532A1B9FB700A23ECF /* ProductListView.swift */ = {isa = PBXFileReference; lastKnownFileType = sourcecode.swift; path = ProductListView.swift; sourceTree = "<group>"; };
		406D7E562A1BA21000A23ECF /* FetchData.swift */ = {isa = PBXFileReference; lastKnownFileType = sourcecode.swift; path = FetchData.swift; sourceTree = "<group>"; };
		7995A2CF2A1504AE00EB0CE9 /* shoppingApp.app */ = {isa = PBXFileReference; explicitFileType = wrapper.application; includeInIndex = 0; path = shoppingApp.app; sourceTree = BUILT_PRODUCTS_DIR; };
		7995A2D22A1504AE00EB0CE9 /* shoppingAppApp.swift */ = {isa = PBXFileReference; lastKnownFileType = sourcecode.swift; path = shoppingAppApp.swift; sourceTree = "<group>"; };
		7995A2D42A1504AE00EB0CE9 /* ContentView.swift */ = {isa = PBXFileReference; lastKnownFileType = sourcecode.swift; path = ContentView.swift; sourceTree = "<group>"; };
		7995A2D62A1504B000EB0CE9 /* Assets.xcassets */ = {isa = PBXFileReference; lastKnownFileType = folder.assetcatalog; path = Assets.xcassets; sourceTree = "<group>"; };
		7995A2D92A1504B000EB0CE9 /* Preview Assets.xcassets */ = {isa = PBXFileReference; lastKnownFileType = folder.assetcatalog; path = "Preview Assets.xcassets"; sourceTree = "<group>"; };
		7995A2DF2A1504B100EB0CE9 /* shoppingAppTests.xctest */ = {isa = PBXFileReference; explicitFileType = wrapper.cfbundle; includeInIndex = 0; path = shoppingAppTests.xctest; sourceTree = BUILT_PRODUCTS_DIR; };
		7995A2E32A1504B100EB0CE9 /* shoppingAppTests.swift */ = {isa = PBXFileReference; lastKnownFileType = sourcecode.swift; path = shoppingAppTests.swift; sourceTree = "<group>"; };
		7995A2E92A1504B100EB0CE9 /* shoppingAppUITests.xctest */ = {isa = PBXFileReference; explicitFileType = wrapper.cfbundle; includeInIndex = 0; path = shoppingAppUITests.xctest; sourceTree = BUILT_PRODUCTS_DIR; };
		7995A2ED2A1504B100EB0CE9 /* shoppingAppUITests.swift */ = {isa = PBXFileReference; lastKnownFileType = sourcecode.swift; path = shoppingAppUITests.swift; sourceTree = "<group>"; };
		7995A2EF2A1504B100EB0CE9 /* shoppingAppUITestsLaunchTests.swift */ = {isa = PBXFileReference; lastKnownFileType = sourcecode.swift; path = shoppingAppUITestsLaunchTests.swift; sourceTree = "<group>"; };
/* End PBXFileReference section */

/* Begin PBXFrameworksBuildPhase section */
		7995A2CC2A1504AE00EB0CE9 /* Frameworks */ = {
			isa = PBXFrameworksBuildPhase;
			buildActionMask = 2147483647;
			files = (
			);
			runOnlyForDeploymentPostprocessing = 0;
		};
		7995A2DC2A1504B100EB0CE9 /* Frameworks */ = {
			isa = PBXFrameworksBuildPhase;
			buildActionMask = 2147483647;
			files = (
			);
			runOnlyForDeploymentPostprocessing = 0;
		};
		7995A2E62A1504B100EB0CE9 /* Frameworks */ = {
			isa = PBXFrameworksBuildPhase;
			buildActionMask = 2147483647;
			files = (
			);
			runOnlyForDeploymentPostprocessing = 0;
		};
/* End PBXFrameworksBuildPhase section */

/* Begin PBXGroup section */
		401AB0D32A16196100BE725C /* Model */ = {
			isa = PBXGroup;
			children = (
				401AB0D12A16194600BE725C /* Product.swift */,
				406D7E512A1B7BF100A23ECF /* Response.swift */,
			);
			path = Model;
			sourceTree = "<group>";
		};
		406D7E552A1BA1D000A23ECF /* Networking */ = {
			isa = PBXGroup;
			children = (
				406D7E562A1BA21000A23ECF /* FetchData.swift */,
			);
			path = Networking;
			sourceTree = "<group>";
		};
		7995A2C62A1504AE00EB0CE9 = {
			isa = PBXGroup;
			children = (
				406D7E552A1BA1D000A23ECF /* Networking */,
				401AB0D32A16196100BE725C /* Model */,
				7995A2D12A1504AE00EB0CE9 /* shoppingApp */,
				7995A2E22A1504B100EB0CE9 /* shoppingAppTests */,
				7995A2EC2A1504B100EB0CE9 /* shoppingAppUITests */,
				7995A2D02A1504AE00EB0CE9 /* Products */,
			);
			sourceTree = "<group>";
		};
		7995A2D02A1504AE00EB0CE9 /* Products */ = {
			isa = PBXGroup;
			children = (
				7995A2CF2A1504AE00EB0CE9 /* shoppingApp.app */,
				7995A2DF2A1504B100EB0CE9 /* shoppingAppTests.xctest */,
				7995A2E92A1504B100EB0CE9 /* shoppingAppUITests.xctest */,
			);
			name = Products;
			sourceTree = "<group>";
		};
		7995A2D12A1504AE00EB0CE9 /* shoppingApp */ = {
			isa = PBXGroup;
			children = (
				7995A2D22A1504AE00EB0CE9 /* shoppingAppApp.swift */,
				406D7E532A1B9FB700A23ECF /* ProductListView.swift */,
				7995A2D42A1504AE00EB0CE9 /* ContentView.swift */,
				7995A2D62A1504B000EB0CE9 /* Assets.xcassets */,
				7995A2D82A1504B000EB0CE9 /* Preview Content */,
			);
			path = shoppingApp;
			sourceTree = "<group>";
		};
		7995A2D82A1504B000EB0CE9 /* Preview Content */ = {
			isa = PBXGroup;
			children = (
				7995A2D92A1504B000EB0CE9 /* Preview Assets.xcassets */,
			);
			path = "Preview Content";
			sourceTree = "<group>";
		};
		7995A2E22A1504B100EB0CE9 /* shoppingAppTests */ = {
			isa = PBXGroup;
			children = (
				7995A2E32A1504B100EB0CE9 /* shoppingAppTests.swift */,
			);
			path = shoppingAppTests;
			sourceTree = "<group>";
		};
		7995A2EC2A1504B100EB0CE9 /* shoppingAppUITests */ = {
			isa = PBXGroup;
			children = (
				7995A2ED2A1504B100EB0CE9 /* shoppingAppUITests.swift */,
				7995A2EF2A1504B100EB0CE9 /* shoppingAppUITestsLaunchTests.swift */,
			);
			path = shoppingAppUITests;
			sourceTree = "<group>";
		};
/* End PBXGroup section */

/* Begin PBXNativeTarget section */
		7995A2CE2A1504AE00EB0CE9 /* shoppingApp */ = {
			isa = PBXNativeTarget;
			buildConfigurationList = 7995A2F32A1504B100EB0CE9 /* Build configuration list for PBXNativeTarget "shoppingApp" */;
			buildPhases = (
				7995A2CB2A1504AE00EB0CE9 /* Sources */,
				7995A2CC2A1504AE00EB0CE9 /* Frameworks */,
				7995A2CD2A1504AE00EB0CE9 /* Resources */,
			);
			buildRules = (
			);
			dependencies = (
			);
			name = shoppingApp;
			productName = shoppingApp;
			productReference = 7995A2CF2A1504AE00EB0CE9 /* shoppingApp.app */;
			productType = "com.apple.product-type.application";
		};
		7995A2DE2A1504B100EB0CE9 /* shoppingAppTests */ = {
			isa = PBXNativeTarget;
			buildConfigurationList = 7995A2F62A1504B100EB0CE9 /* Build configuration list for PBXNativeTarget "shoppingAppTests" */;
			buildPhases = (
				7995A2DB2A1504B100EB0CE9 /* Sources */,
				7995A2DC2A1504B100EB0CE9 /* Frameworks */,
				7995A2DD2A1504B100EB0CE9 /* Resources */,
			);
			buildRules = (
			);
			dependencies = (
				7995A2E12A1504B100EB0CE9 /* PBXTargetDependency */,
			);
			name = shoppingAppTests;
			productName = shoppingAppTests;
			productReference = 7995A2DF2A1504B100EB0CE9 /* shoppingAppTests.xctest */;
			productType = "com.apple.product-type.bundle.unit-test";
		};
		7995A2E82A1504B100EB0CE9 /* shoppingAppUITests */ = {
			isa = PBXNativeTarget;
			buildConfigurationList = 7995A2F92A1504B100EB0CE9 /* Build configuration list for PBXNativeTarget "shoppingAppUITests" */;
			buildPhases = (
				7995A2E52A1504B100EB0CE9 /* Sources */,
				7995A2E62A1504B100EB0CE9 /* Frameworks */,
				7995A2E72A1504B100EB0CE9 /* Resources */,
			);
			buildRules = (
			);
			dependencies = (
				7995A2EB2A1504B100EB0CE9 /* PBXTargetDependency */,
			);
			name = shoppingAppUITests;
			productName = shoppingAppUITests;
			productReference = 7995A2E92A1504B100EB0CE9 /* shoppingAppUITests.xctest */;
			productType = "com.apple.product-type.bundle.ui-testing";
		};
/* End PBXNativeTarget section */

/* Begin PBXProject section */
		7995A2C72A1504AE00EB0CE9 /* Project object */ = {
			isa = PBXProject;
			attributes = {
				BuildIndependentTargetsInParallel = 1;
				LastSwiftUpdateCheck = 1430;
				LastUpgradeCheck = 1430;
				TargetAttributes = {
					7995A2CE2A1504AE00EB0CE9 = {
						CreatedOnToolsVersion = 14.3;
					};
					7995A2DE2A1504B100EB0CE9 = {
						CreatedOnToolsVersion = 14.3;
						TestTargetID = 7995A2CE2A1504AE00EB0CE9;
					};
					7995A2E82A1504B100EB0CE9 = {
						CreatedOnToolsVersion = 14.3;
						TestTargetID = 7995A2CE2A1504AE00EB0CE9;
					};
				};
			};
			buildConfigurationList = 7995A2CA2A1504AE00EB0CE9 /* Build configuration list for PBXProject "shoppingApp" */;
			compatibilityVersion = "Xcode 14.0";
			developmentRegion = en;
			hasScannedForEncodings = 0;
			knownRegions = (
				en,
				Base,
			);
			mainGroup = 7995A2C62A1504AE00EB0CE9;
			productRefGroup = 7995A2D02A1504AE00EB0CE9 /* Products */;
			projectDirPath = "";
			projectRoot = "";
			targets = (
				7995A2CE2A1504AE00EB0CE9 /* shoppingApp */,
				7995A2DE2A1504B100EB0CE9 /* shoppingAppTests */,
				7995A2E82A1504B100EB0CE9 /* shoppingAppUITests */,
			);
		};
/* End PBXProject section */

/* Begin PBXResourcesBuildPhase section */
		7995A2CD2A1504AE00EB0CE9 /* Resources */ = {
			isa = PBXResourcesBuildPhase;
			buildActionMask = 2147483647;
			files = (
				7995A2DA2A1504B000EB0CE9 /* Preview Assets.xcassets in Resources */,
				7995A2D72A1504B000EB0CE9 /* Assets.xcassets in Resources */,
			);
			runOnlyForDeploymentPostprocessing = 0;
		};
		7995A2DD2A1504B100EB0CE9 /* Resources */ = {
			isa = PBXResourcesBuildPhase;
			buildActionMask = 2147483647;
			files = (
			);
			runOnlyForDeploymentPostprocessing = 0;
		};
		7995A2E72A1504B100EB0CE9 /* Resources */ = {
			isa = PBXResourcesBuildPhase;
			buildActionMask = 2147483647;
			files = (
			);
			runOnlyForDeploymentPostprocessing = 0;
		};
/* End PBXResourcesBuildPhase section */

/* Begin PBXSourcesBuildPhase section */
		7995A2CB2A1504AE00EB0CE9 /* Sources */ = {
			isa = PBXSourcesBuildPhase;
			buildActionMask = 2147483647;
			files = (
				406D7E522A1B7BF100A23ECF /* Response.swift in Sources */,
				7995A2D52A1504AE00EB0CE9 /* ContentView.swift in Sources */,
				401AB0D22A16194600BE725C /* Product.swift in Sources */,
				7995A2D32A1504AE00EB0CE9 /* shoppingAppApp.swift in Sources */,
				406D7E572A1BA21000A23ECF /* FetchData.swift in Sources */,
				406D7E542A1B9FB700A23ECF /* ProductListView.swift in Sources */,
			);
			runOnlyForDeploymentPostprocessing = 0;
		};
		7995A2DB2A1504B100EB0CE9 /* Sources */ = {
			isa = PBXSourcesBuildPhase;
			buildActionMask = 2147483647;
			files = (
				7995A2E42A1504B100EB0CE9 /* shoppingAppTests.swift in Sources */,
			);
			runOnlyForDeploymentPostprocessing = 0;
		};
		7995A2E52A1504B100EB0CE9 /* Sources */ = {
			isa = PBXSourcesBuildPhase;
			buildActionMask = 2147483647;
			files = (
				7995A2F02A1504B100EB0CE9 /* shoppingAppUITestsLaunchTests.swift in Sources */,
				7995A2EE2A1504B100EB0CE9 /* shoppingAppUITests.swift in Sources */,
			);
			runOnlyForDeploymentPostprocessing = 0;
		};
/* End PBXSourcesBuildPhase section */

/* Begin PBXTargetDependency section */
		7995A2E12A1504B100EB0CE9 /* PBXTargetDependency */ = {
			isa = PBXTargetDependency;
			target = 7995A2CE2A1504AE00EB0CE9 /* shoppingApp */;
			targetProxy = 7995A2E02A1504B100EB0CE9 /* PBXContainerItemProxy */;
		};
		7995A2EB2A1504B100EB0CE9 /* PBXTargetDependency */ = {
			isa = PBXTargetDependency;
			target = 7995A2CE2A1504AE00EB0CE9 /* shoppingApp */;
			targetProxy = 7995A2EA2A1504B100EB0CE9 /* PBXContainerItemProxy */;
		};
/* End PBXTargetDependency section */

/* Begin XCBuildConfiguration section */
		7995A2F12A1504B100EB0CE9 /* Debug */ = {
			isa = XCBuildConfiguration;
			buildSettings = {
				ALWAYS_SEARCH_USER_PATHS = NO;
				CLANG_ANALYZER_NONNULL = YES;
				CLANG_ANALYZER_NUMBER_OBJECT_CONVERSION = YES_AGGRESSIVE;
				CLANG_CXX_LANGUAGE_STANDARD = "gnu++20";
				CLANG_ENABLE_MODULES = YES;
				CLANG_ENABLE_OBJC_ARC = YES;
				CLANG_ENABLE_OBJC_WEAK = YES;
				CLANG_WARN_BLOCK_CAPTURE_AUTORELEASING = YES;
				CLANG_WARN_BOOL_CONVERSION = YES;
				CLANG_WARN_COMMA = YES;
				CLANG_WARN_CONSTANT_CONVERSION = YES;
				CLANG_WARN_DEPRECATED_OBJC_IMPLEMENTATIONS = YES;
				CLANG_WARN_DIRECT_OBJC_ISA_USAGE = YES_ERROR;
				CLANG_WARN_DOCUMENTATION_COMMENTS = YES;
				CLANG_WARN_EMPTY_BODY = YES;
				CLANG_WARN_ENUM_CONVERSION = YES;
				CLANG_WARN_INFINITE_RECURSION = YES;
				CLANG_WARN_INT_CONVERSION = YES;
				CLANG_WARN_NON_LITERAL_NULL_CONVERSION = YES;
				CLANG_WARN_OBJC_IMPLICIT_RETAIN_SELF = YES;
				CLANG_WARN_OBJC_LITERAL_CONVERSION = YES;
				CLANG_WARN_OBJC_ROOT_CLASS = YES_ERROR;
				CLANG_WARN_QUOTED_INCLUDE_IN_FRAMEWORK_HEADER = YES;
				CLANG_WARN_RANGE_LOOP_ANALYSIS = YES;
				CLANG_WARN_STRICT_PROTOTYPES = YES;
				CLANG_WARN_SUSPICIOUS_MOVE = YES;
				CLANG_WARN_UNGUARDED_AVAILABILITY = YES_AGGRESSIVE;
				CLANG_WARN_UNREACHABLE_CODE = YES;
				CLANG_WARN__DUPLICATE_METHOD_MATCH = YES;
				COPY_PHASE_STRIP = NO;
				DEBUG_INFORMATION_FORMAT = dwarf;
				ENABLE_STRICT_OBJC_MSGSEND = YES;
				ENABLE_TESTABILITY = YES;
				GCC_C_LANGUAGE_STANDARD = gnu11;
				GCC_DYNAMIC_NO_PIC = NO;
				GCC_NO_COMMON_BLOCKS = YES;
				GCC_OPTIMIZATION_LEVEL = 0;
				GCC_PREPROCESSOR_DEFINITIONS = (
					"DEBUG=1",
					"$(inherited)",
				);
				GCC_WARN_64_TO_32_BIT_CONVERSION = YES;
				GCC_WARN_ABOUT_RETURN_TYPE = YES_ERROR;
				GCC_WARN_UNDECLARED_SELECTOR = YES;
				GCC_WARN_UNINITIALIZED_AUTOS = YES_AGGRESSIVE;
				GCC_WARN_UNUSED_FUNCTION = YES;
				GCC_WARN_UNUSED_VARIABLE = YES;
				IPHONEOS_DEPLOYMENT_TARGET = 16.4;
				MTL_ENABLE_DEBUG_INFO = INCLUDE_SOURCE;
				MTL_FAST_MATH = YES;
				ONLY_ACTIVE_ARCH = YES;
				SDKROOT = iphoneos;
				SWIFT_ACTIVE_COMPILATION_CONDITIONS = DEBUG;
				SWIFT_OPTIMIZATION_LEVEL = "-Onone";
			};
			name = Debug;
		};
		7995A2F22A1504B100EB0CE9 /* Release */ = {
			isa = XCBuildConfiguration;
			buildSettings = {
				ALWAYS_SEARCH_USER_PATHS = NO;
				CLANG_ANALYZER_NONNULL = YES;
				CLANG_ANALYZER_NUMBER_OBJECT_CONVERSION = YES_AGGRESSIVE;
				CLANG_CXX_LANGUAGE_STANDARD = "gnu++20";
				CLANG_ENABLE_MODULES = YES;
				CLANG_ENABLE_OBJC_ARC = YES;
				CLANG_ENABLE_OBJC_WEAK = YES;
				CLANG_WARN_BLOCK_CAPTURE_AUTORELEASING = YES;
				CLANG_WARN_BOOL_CONVERSION = YES;
				CLANG_WARN_COMMA = YES;
				CLANG_WARN_CONSTANT_CONVERSION = YES;
				CLANG_WARN_DEPRECATED_OBJC_IMPLEMENTATIONS = YES;
				CLANG_WARN_DIRECT_OBJC_ISA_USAGE = YES_ERROR;
				CLANG_WARN_DOCUMENTATION_COMMENTS = YES;
				CLANG_WARN_EMPTY_BODY = YES;
				CLANG_WARN_ENUM_CONVERSION = YES;
				CLANG_WARN_INFINITE_RECURSION = YES;
				CLANG_WARN_INT_CONVERSION = YES;
				CLANG_WARN_NON_LITERAL_NULL_CONVERSION = YES;
				CLANG_WARN_OBJC_IMPLICIT_RETAIN_SELF = YES;
				CLANG_WARN_OBJC_LITERAL_CONVERSION = YES;
				CLANG_WARN_OBJC_ROOT_CLASS = YES_ERROR;
				CLANG_WARN_QUOTED_INCLUDE_IN_FRAMEWORK_HEADER = YES;
				CLANG_WARN_RANGE_LOOP_ANALYSIS = YES;
				CLANG_WARN_STRICT_PROTOTYPES = YES;
				CLANG_WARN_SUSPICIOUS_MOVE = YES;
				CLANG_WARN_UNGUARDED_AVAILABILITY = YES_AGGRESSIVE;
				CLANG_WARN_UNREACHABLE_CODE = YES;
				CLANG_WARN__DUPLICATE_METHOD_MATCH = YES;
				COPY_PHASE_STRIP = NO;
				DEBUG_INFORMATION_FORMAT = "dwarf-with-dsym";
				ENABLE_NS_ASSERTIONS = NO;
				ENABLE_STRICT_OBJC_MSGSEND = YES;
				GCC_C_LANGUAGE_STANDARD = gnu11;
				GCC_NO_COMMON_BLOCKS = YES;
				GCC_WARN_64_TO_32_BIT_CONVERSION = YES;
				GCC_WARN_ABOUT_RETURN_TYPE = YES_ERROR;
				GCC_WARN_UNDECLARED_SELECTOR = YES;
				GCC_WARN_UNINITIALIZED_AUTOS = YES_AGGRESSIVE;
				GCC_WARN_UNUSED_FUNCTION = YES;
				GCC_WARN_UNUSED_VARIABLE = YES;
				IPHONEOS_DEPLOYMENT_TARGET = 16.4;
				MTL_ENABLE_DEBUG_INFO = NO;
				MTL_FAST_MATH = YES;
				SDKROOT = iphoneos;
				SWIFT_COMPILATION_MODE = wholemodule;
				SWIFT_OPTIMIZATION_LEVEL = "-O";
				VALIDATE_PRODUCT = YES;
			};
			name = Release;
		};
		7995A2F42A1504B100EB0CE9 /* Debug */ = {
			isa = XCBuildConfiguration;
			buildSettings = {
				ASSETCATALOG_COMPILER_APPICON_NAME = AppIcon;
				ASSETCATALOG_COMPILER_GLOBAL_ACCENT_COLOR_NAME = AccentColor;
				CODE_SIGN_STYLE = Automatic;
				CURRENT_PROJECT_VERSION = 1;
				DEVELOPMENT_ASSET_PATHS = "\"shoppingApp/Preview Content\"";
				ENABLE_PREVIEWS = YES;
				GENERATE_INFOPLIST_FILE = YES;
				INFOPLIST_KEY_UIApplicationSceneManifest_Generation = YES;
				INFOPLIST_KEY_UIApplicationSupportsIndirectInputEvents = YES;
				INFOPLIST_KEY_UILaunchScreen_Generation = YES;
				INFOPLIST_KEY_UISupportedInterfaceOrientations_iPad = "UIInterfaceOrientationPortrait UIInterfaceOrientationPortraitUpsideDown UIInterfaceOrientationLandscapeLeft UIInterfaceOrientationLandscapeRight";
				INFOPLIST_KEY_UISupportedInterfaceOrientations_iPhone = "UIInterfaceOrientationPortrait UIInterfaceOrientationLandscapeLeft UIInterfaceOrientationLandscapeRight";
				LD_RUNPATH_SEARCH_PATHS = (
					"$(inherited)",
					"@executable_path/Frameworks",
				);
				MARKETING_VERSION = 1.0;
				PRODUCT_BUNDLE_IDENTIFIER = Training.shoppingApp;
				PRODUCT_NAME = "$(TARGET_NAME)";
				SWIFT_EMIT_LOC_STRINGS = YES;
				SWIFT_VERSION = 5.0;
				TARGETED_DEVICE_FAMILY = "1,2";
			};
			name = Debug;
		};
		7995A2F52A1504B100EB0CE9 /* Release */ = {
			isa = XCBuildConfiguration;
			buildSettings = {
				ASSETCATALOG_COMPILER_APPICON_NAME = AppIcon;
				ASSETCATALOG_COMPILER_GLOBAL_ACCENT_COLOR_NAME = AccentColor;
				CODE_SIGN_STYLE = Automatic;
				CURRENT_PROJECT_VERSION = 1;
				DEVELOPMENT_ASSET_PATHS = "\"shoppingApp/Preview Content\"";
				ENABLE_PREVIEWS = YES;
				GENERATE_INFOPLIST_FILE = YES;
				INFOPLIST_KEY_UIApplicationSceneManifest_Generation = YES;
				INFOPLIST_KEY_UIApplicationSupportsIndirectInputEvents = YES;
				INFOPLIST_KEY_UILaunchScreen_Generation = YES;
				INFOPLIST_KEY_UISupportedInterfaceOrientations_iPad = "UIInterfaceOrientationPortrait UIInterfaceOrientationPortraitUpsideDown UIInterfaceOrientationLandscapeLeft UIInterfaceOrientationLandscapeRight";
				INFOPLIST_KEY_UISupportedInterfaceOrientations_iPhone = "UIInterfaceOrientationPortrait UIInterfaceOrientationLandscapeLeft UIInterfaceOrientationLandscapeRight";
				LD_RUNPATH_SEARCH_PATHS = (
					"$(inherited)",
					"@executable_path/Frameworks",
				);
				MARKETING_VERSION = 1.0;
				PRODUCT_BUNDLE_IDENTIFIER = Training.shoppingApp;
				PRODUCT_NAME = "$(TARGET_NAME)";
				SWIFT_EMIT_LOC_STRINGS = YES;
				SWIFT_VERSION = 5.0;
				TARGETED_DEVICE_FAMILY = "1,2";
			};
			name = Release;
		};
		7995A2F72A1504B100EB0CE9 /* Debug */ = {
			isa = XCBuildConfiguration;
			buildSettings = {
				ALWAYS_EMBED_SWIFT_STANDARD_LIBRARIES = YES;
				BUNDLE_LOADER = "$(TEST_HOST)";
				CODE_SIGN_STYLE = Automatic;
				CURRENT_PROJECT_VERSION = 1;
				GENERATE_INFOPLIST_FILE = YES;
				IPHONEOS_DEPLOYMENT_TARGET = 16.4;
				MARKETING_VERSION = 1.0;
				PRODUCT_BUNDLE_IDENTIFIER = Training.shoppingAppTests;
				PRODUCT_NAME = "$(TARGET_NAME)";
				SWIFT_EMIT_LOC_STRINGS = NO;
				SWIFT_VERSION = 5.0;
				TARGETED_DEVICE_FAMILY = "1,2";
				TEST_HOST = "$(BUILT_PRODUCTS_DIR)/shoppingApp.app/$(BUNDLE_EXECUTABLE_FOLDER_PATH)/shoppingApp";
			};
			name = Debug;
		};
		7995A2F82A1504B100EB0CE9 /* Release */ = {
			isa = XCBuildConfiguration;
			buildSettings = {
				ALWAYS_EMBED_SWIFT_STANDARD_LIBRARIES = YES;
				BUNDLE_LOADER = "$(TEST_HOST)";
				CODE_SIGN_STYLE = Automatic;
				CURRENT_PROJECT_VERSION = 1;
				GENERATE_INFOPLIST_FILE = YES;
				IPHONEOS_DEPLOYMENT_TARGET = 16.4;
				MARKETING_VERSION = 1.0;
				PRODUCT_BUNDLE_IDENTIFIER = Training.shoppingAppTests;
				PRODUCT_NAME = "$(TARGET_NAME)";
				SWIFT_EMIT_LOC_STRINGS = NO;
				SWIFT_VERSION = 5.0;
				TARGETED_DEVICE_FAMILY = "1,2";
				TEST_HOST = "$(BUILT_PRODUCTS_DIR)/shoppingApp.app/$(BUNDLE_EXECUTABLE_FOLDER_PATH)/shoppingApp";
			};
			name = Release;
		};
		7995A2FA2A1504B100EB0CE9 /* Debug */ = {
			isa = XCBuildConfiguration;
			buildSettings = {
				ALWAYS_EMBED_SWIFT_STANDARD_LIBRARIES = YES;
				CODE_SIGN_STYLE = Automatic;
				CURRENT_PROJECT_VERSION = 1;
				GENERATE_INFOPLIST_FILE = YES;
				MARKETING_VERSION = 1.0;
				PRODUCT_BUNDLE_IDENTIFIER = Training.shoppingAppUITests;
				PRODUCT_NAME = "$(TARGET_NAME)";
				SWIFT_EMIT_LOC_STRINGS = NO;
				SWIFT_VERSION = 5.0;
				TARGETED_DEVICE_FAMILY = "1,2";
				TEST_TARGET_NAME = shoppingApp;
			};
			name = Debug;
		};
		7995A2FB2A1504B100EB0CE9 /* Release */ = {
			isa = XCBuildConfiguration;
			buildSettings = {
				ALWAYS_EMBED_SWIFT_STANDARD_LIBRARIES = YES;
				CODE_SIGN_STYLE = Automatic;
				CURRENT_PROJECT_VERSION = 1;
				GENERATE_INFOPLIST_FILE = YES;
				MARKETING_VERSION = 1.0;
				PRODUCT_BUNDLE_IDENTIFIER = Training.shoppingAppUITests;
				PRODUCT_NAME = "$(TARGET_NAME)";
				SWIFT_EMIT_LOC_STRINGS = NO;
				SWIFT_VERSION = 5.0;
				TARGETED_DEVICE_FAMILY = "1,2";
				TEST_TARGET_NAME = shoppingApp;
			};
			name = Release;
		};
/* End XCBuildConfiguration section */

/* Begin XCConfigurationList section */
		7995A2CA2A1504AE00EB0CE9 /* Build configuration list for PBXProject "shoppingApp" */ = {
			isa = XCConfigurationList;
			buildConfigurations = (
				7995A2F12A1504B100EB0CE9 /* Debug */,
				7995A2F22A1504B100EB0CE9 /* Release */,
			);
			defaultConfigurationIsVisible = 0;
			defaultConfigurationName = Release;
		};
		7995A2F32A1504B100EB0CE9 /* Build configuration list for PBXNativeTarget "shoppingApp" */ = {
			isa = XCConfigurationList;
			buildConfigurations = (
				7995A2F42A1504B100EB0CE9 /* Debug */,
				7995A2F52A1504B100EB0CE9 /* Release */,
			);
			defaultConfigurationIsVisible = 0;
			defaultConfigurationName = Release;
		};
		7995A2F62A1504B100EB0CE9 /* Build configuration list for PBXNativeTarget "shoppingAppTests" */ = {
			isa = XCConfigurationList;
			buildConfigurations = (
				7995A2F72A1504B100EB0CE9 /* Debug */,
				7995A2F82A1504B100EB0CE9 /* Release */,
			);
			defaultConfigurationIsVisible = 0;
			defaultConfigurationName = Release;
		};
		7995A2F92A1504B100EB0CE9 /* Build configuration list for PBXNativeTarget "shoppingAppUITests" */ = {
			isa = XCConfigurationList;
			buildConfigurations = (
				7995A2FA2A1504B100EB0CE9 /* Debug */,
				7995A2FB2A1504B100EB0CE9 /* Release */,
			);
			defaultConfigurationIsVisible = 0;
			defaultConfigurationName = Release;
		};
/* End XCConfigurationList section */
	};
	rootObject = 7995A2C72A1504AE00EB0CE9 /* Project object */;
}
